
Microsoft Visual Studio Solution File, Format Version 12.00
# Visual Studio 15
Project("{FAE04EC0-301F-11D3-BF4B-00C04F79EFBC}") = "TheatreBooking", "TheatreBooking\TheatreBooking.csproj", "{B5F304BD-CB9E-4FB6-9657-1E705DDA57AD}"
EndProject
Global
	GlobalSection(SolutionConfigurationPlatforms) = preSolution
		Debug|Any CPU = Debug|Any CPU
		Release|Any CPU = Release|Any CPU
	EndGlobalSection
	GlobalSection(ProjectConfigurationPlatforms) = postSolution
		{B5F304BD-CB9E-4FB6-9657-1E705DDA57AD}.Debug|Any CPU.ActiveCfg = Debug|Any CPU
		{B5F304BD-CB9E-4FB6-9657-1E705DDA57AD}.Debug|Any CPU.Build.0 = Debug|Any CPU
		{B5F304BD-CB9E-4FB6-9657-1E705DDA57AD}.Release|Any CPU.ActiveCfg = Release|Any CPU
		{B5F304BD-CB9E-4FB6-9657-1E705DDA57AD}.Release|Any CPU.Build.0 = Release|Any CPU
	EndGlobalSection
EndGlobal
